
Microsoft Visual Studio Solution File, Format Version 12.00
# Visual Studio Version 17
VisualStudioVersion = 17.1.32210.238
MinimumVisualStudioVersion = 10.0.40219.1
Project("{FAE04EC0-301F-11D3-BF4B-00C04F79EFBC}") = "CalculoFatorial", "CalculoFatorial.csproj", "{B21D3A5A-0AAD-4B71-9FAB-FC4CF1EAE981}"
EndProject
Global
	GlobalSection(SolutionConfigurationPlatforms) = preSolution
		Debug|Any CPU = Debug|Any CPU
		Release|Any CPU = Release|Any CPU
	EndGlobalSection
	GlobalSection(ProjectConfigurationPlatforms) = postSolution
		{B21D3A5A-0AAD-4B71-9FAB-FC4CF1EAE981}.Debug|Any CPU.ActiveCfg = Debug|Any CPU
		{B21D3A5A-0AAD-4B71-9FAB-FC4CF1EAE981}.Debug|Any CPU.Build.0 = Debug|Any CPU
		{B21D3A5A-0AAD-4B71-9FAB-FC4CF1EAE981}.Release|Any CPU.ActiveCfg = Release|Any CPU
		{B21D3A5A-0AAD-4B71-9FAB-FC4CF1EAE981}.Release|Any CPU.Build.0 = Release|Any CPU
	EndGlobalSection
	GlobalSection(SolutionProperties) = preSolution
		HideSolutionNode = FALSE
	EndGlobalSection
	GlobalSection(ExtensibilityGlobals) = postSolution
		SolutionGuid = {2B57948F-E415-4E42-8831-1A5110DEF0AC}
	EndGlobalSection
EndGlobal
