
Microsoft Visual Studio Solution File, Format Version 12.00
# Visual Studio Version 17
VisualStudioVersion = 17.1.32210.238
MinimumVisualStudioVersion = 10.0.40219.1
Project("{FAE04EC0-301F-11D3-BF4B-00C04F79EFBC}") = "Tempo da Partida", "Tempo da Partida.csproj", "{CBC85013-0BB1-4DBD-A966-84489FE0A10E}"
EndProject
Global
	GlobalSection(SolutionConfigurationPlatforms) = preSolution
		Debug|Any CPU = Debug|Any CPU
		Release|Any CPU = Release|Any CPU
	EndGlobalSection
	GlobalSection(ProjectConfigurationPlatforms) = postSolution
		{CBC85013-0BB1-4DBD-A966-84489FE0A10E}.Debug|Any CPU.ActiveCfg = Debug|Any CPU
		{CBC85013-0BB1-4DBD-A966-84489FE0A10E}.Debug|Any CPU.Build.0 = Debug|Any CPU
		{CBC85013-0BB1-4DBD-A966-84489FE0A10E}.Release|Any CPU.ActiveCfg = Release|Any CPU
		{CBC85013-0BB1-4DBD-A966-84489FE0A10E}.Release|Any CPU.Build.0 = Release|Any CPU
	EndGlobalSection
	GlobalSection(SolutionProperties) = preSolution
		HideSolutionNode = FALSE
	EndGlobalSection
	GlobalSection(ExtensibilityGlobals) = postSolution
		SolutionGuid = {CD6EEBE5-0431-4C68-A117-23AB4D5AE592}
	EndGlobalSection
EndGlobal
