
Microsoft Visual Studio Solution File, Format Version 12.00
# Visual Studio Version 17
VisualStudioVersion = 17.1.32210.238
MinimumVisualStudioVersion = 10.0.40219.1
Project("{FAE04EC0-301F-11D3-BF4B-00C04F79EFBC}") = "Tabuada", "Tabuada.csproj", "{9EF4DE10-097B-478C-988B-04BB88C722E2}"
EndProject
Global
	GlobalSection(SolutionConfigurationPlatforms) = preSolution
		Debug|Any CPU = Debug|Any CPU
		Release|Any CPU = Release|Any CPU
	EndGlobalSection
	GlobalSection(ProjectConfigurationPlatforms) = postSolution
		{9EF4DE10-097B-478C-988B-04BB88C722E2}.Debug|Any CPU.ActiveCfg = Debug|Any CPU
		{9EF4DE10-097B-478C-988B-04BB88C722E2}.Debug|Any CPU.Build.0 = Debug|Any CPU
		{9EF4DE10-097B-478C-988B-04BB88C722E2}.Release|Any CPU.ActiveCfg = Release|Any CPU
		{9EF4DE10-097B-478C-988B-04BB88C722E2}.Release|Any CPU.Build.0 = Release|Any CPU
	EndGlobalSection
	GlobalSection(SolutionProperties) = preSolution
		HideSolutionNode = FALSE
	EndGlobalSection
	GlobalSection(ExtensibilityGlobals) = postSolution
		SolutionGuid = {4F5C4892-6F12-462D-856A-39F21DCB28CE}
	EndGlobalSection
EndGlobal
