
Microsoft Visual Studio Solution File, Format Version 12.00
# Visual Studio Version 17
VisualStudioVersion = 17.1.32210.238
MinimumVisualStudioVersion = 10.0.40219.1
Project("{FAE04EC0-301F-11D3-BF4B-00C04F79EFBC}") = "Media de Combustivel", "Media de Combustivel.csproj", "{1AC1E3EA-7AE0-42FA-B515-851BCD5DA7BA}"
EndProject
Global
	GlobalSection(SolutionConfigurationPlatforms) = preSolution
		Debug|Any CPU = Debug|Any CPU
		Release|Any CPU = Release|Any CPU
	EndGlobalSection
	GlobalSection(ProjectConfigurationPlatforms) = postSolution
		{1AC1E3EA-7AE0-42FA-B515-851BCD5DA7BA}.Debug|Any CPU.ActiveCfg = Debug|Any CPU
		{1AC1E3EA-7AE0-42FA-B515-851BCD5DA7BA}.Debug|Any CPU.Build.0 = Debug|Any CPU
		{1AC1E3EA-7AE0-42FA-B515-851BCD5DA7BA}.Release|Any CPU.ActiveCfg = Release|Any CPU
		{1AC1E3EA-7AE0-42FA-B515-851BCD5DA7BA}.Release|Any CPU.Build.0 = Release|Any CPU
	EndGlobalSection
	GlobalSection(SolutionProperties) = preSolution
		HideSolutionNode = FALSE
	EndGlobalSection
	GlobalSection(ExtensibilityGlobals) = postSolution
		SolutionGuid = {D049CA91-52EC-42E2-8301-91CA10BC90CA}
	EndGlobalSection
EndGlobal
